// !$*UTF8*$!
{
	archiveVersion = 1;
	classes = {
	};
	objectVersion = 46;
	objects = {

/* Begin PBXBuildFile section */
		F15A0EA71985DEE8002EB3FC /* Foundation.framework in Frameworks */ = {isa = PBXBuildFile; fileRef = F15A0EA61985DEE8002EB3FC /* Foundation.framework */; };
		F15A0EA91985DEE8002EB3FC /* CoreGraphics.framework in Frameworks */ = {isa = PBXBuildFile; fileRef = F15A0EA81985DEE8002EB3FC /* CoreGraphics.framework */; };
		F15A0EAB1985DEE8002EB3FC /* UIKit.framework in Frameworks */ = {isa = PBXBuildFile; fileRef = F15A0EAA1985DEE8002EB3FC /* UIKit.framework */; };
		F15A0EB11985DEE8002EB3FC /* InfoPlist.strings in Resources */ = {isa = PBXBuildFile; fileRef = F15A0EAF1985DEE8002EB3FC /* InfoPlist.strings */; };
		F15A0EB31985DEE8002EB3FC /* main.m in Sources */ = {isa = PBXBuildFile; fileRef = F15A0EB21985DEE8002EB3FC /* main.m */; };
		F15A0EB71985DEE8002EB3FC /* AppDelegate.m in Sources */ = {isa = PBXBuildFile; fileRef = F15A0EB61985DEE8002EB3FC /* AppDelegate.m */; };
		F15A0EB91985DEE8002EB3FC /* Images.xcassets in Resources */ = {isa = PBXBuildFile; fileRef = F15A0EB81985DEE8002EB3FC /* Images.xcassets */; };
		F15A0EC01985DEE8002EB3FC /* XCTest.framework in Frameworks */ = {isa = PBXBuildFile; fileRef = F15A0EBF1985DEE8002EB3FC /* XCTest.framework */; };
		F15A0EC11985DEE8002EB3FC /* Foundation.framework in Frameworks */ = {isa = PBXBuildFile; fileRef = F15A0EA61985DEE8002EB3FC /* Foundation.framework */; };
		F15A0EC21985DEE8002EB3FC /* UIKit.framework in Frameworks */ = {isa = PBXBuildFile; fileRef = F15A0EAA1985DEE8002EB3FC /* UIKit.framework */; };
		F15A0ECA1985DEE8002EB3FC /* InfoPlist.strings in Resources */ = {isa = PBXBuildFile; fileRef = F15A0EC81985DEE8002EB3FC /* InfoPlist.strings */; };
		F15A0ECC1985DEE8002EB3FC /* EverNoteTests.m in Sources */ = {isa = PBXBuildFile; fileRef = F15A0ECB1985DEE8002EB3FC /* EverNoteTests.m */; };
		F15A0ED81985E004002EB3FC /* AGTSimpleCoreDataStack.m in Sources */ = {isa = PBXBuildFile; fileRef = F15A0ED71985E004002EB3FC /* AGTSimpleCoreDataStack.m */; };
		F15A0EDF1985EFE9002EB3FC /* ModelNotas.xcdatamodeld in Sources */ = {isa = PBXBuildFile; fileRef = F15A0EDD1985EFE9002EB3FC /* ModelNotas.xcdatamodeld */; };
		F15A0EF51986B58C002EB3FC /* _NamedEntity.m in Sources */ = {isa = PBXBuildFile; fileRef = F15A0EEA1986B58B002EB3FC /* _NamedEntity.m */; };
		F15A0EF61986B58C002EB3FC /* _Note.m in Sources */ = {isa = PBXBuildFile; fileRef = F15A0EEC1986B58B002EB3FC /* _Note.m */; };
		F15A0EF71986B58C002EB3FC /* _NoteBook.m in Sources */ = {isa = PBXBuildFile; fileRef = F15A0EEE1986B58B002EB3FC /* _NoteBook.m */; };
		F15A0EF81986B58C002EB3FC /* NamedEntity.m in Sources */ = {isa = PBXBuildFile; fileRef = F15A0EF01986B58B002EB3FC /* NamedEntity.m */; };
		F15A0EF91986B58C002EB3FC /* Note.m in Sources */ = {isa = PBXBuildFile; fileRef = F15A0EF21986B58B002EB3FC /* Note.m */; };
		F15A0EFA1986B58C002EB3FC /* NoteBook.m in Sources */ = {isa = PBXBuildFile; fileRef = F15A0EF41986B58C002EB3FC /* NoteBook.m */; };
		F15A0EFF1986BD74002EB3FC /* _Photo.m in Sources */ = {isa = PBXBuildFile; fileRef = F15A0EFC1986BD74002EB3FC /* _Photo.m */; };
		F15A0F001986BD74002EB3FC /* Photo.m in Sources */ = {isa = PBXBuildFile; fileRef = F15A0EFE1986BD74002EB3FC /* Photo.m */; };
		F19CF16F1990404B00D3E725 /* AGTCoreDataTableViewController.m in Sources */ = {isa = PBXBuildFile; fileRef = F19CF16E1990404B00D3E725 /* AGTCoreDataTableViewController.m */; };
		F19CF174199040E600D3E725 /* NotebooksViewController.m in Sources */ = {isa = PBXBuildFile; fileRef = F19CF173199040E600D3E725 /* NotebooksViewController.m */; };
		F19CF178199160B400D3E725 /* UIViewController+Navigation.m in Sources */ = {isa = PBXBuildFile; fileRef = F19CF177199160B400D3E725 /* UIViewController+Navigation.m */; };
		F19CF17D1991639300D3E725 /* NotebookCellView.xib in Resources */ = {isa = PBXBuildFile; fileRef = F19CF17C1991639200D3E725 /* NotebookCellView.xib */; };
		F19CF1801991667400D3E725 /* NotebookCellView.m in Sources */ = {isa = PBXBuildFile; fileRef = F19CF17F1991667400D3E725 /* NotebookCellView.m */; };
		F1AD231D199EDF5C0049552C /* NotesTableViewController.m in Sources */ = {isa = PBXBuildFile; fileRef = F1AD231C199EDF5C0049552C /* NotesTableViewController.m */; };
		F1FE4B1419AE1EB9001179BA /* NoteCollectionViewCell.xib in Resources */ = {isa = PBXBuildFile; fileRef = F1FE4B1319AE1EB9001179BA /* NoteCollectionViewCell.xib */; };
		F1FE4B1719AE207D001179BA /* NoteCollectionViewCell.m in Sources */ = {isa = PBXBuildFile; fileRef = F1FE4B1619AE207D001179BA /* NoteCollectionViewCell.m */; };
		F1FE4B1B19AE233D001179BA /* AGTCoreDataCollectionViewController.m in Sources */ = {isa = PBXBuildFile; fileRef = F1FE4B1A19AE233D001179BA /* AGTCoreDataCollectionViewController.m */; };
		F1FE4B1E19AE23AB001179BA /* NotesCollectionViewController.m in Sources */ = {isa = PBXBuildFile; fileRef = F1FE4B1D19AE23AB001179BA /* NotesCollectionViewController.m */; };
/* End PBXBuildFile section */

/* Begin PBXContainerItemProxy section */
		F15A0EC31985DEE8002EB3FC /* PBXContainerItemProxy */ = {
			isa = PBXContainerItemProxy;
			containerPortal = F15A0E9B1985DEE7002EB3FC /* Project object */;
			proxyType = 1;
			remoteGlobalIDString = F15A0EA21985DEE7002EB3FC;
			remoteInfo = EverNote;
		};
/* End PBXContainerItemProxy section */

/* Begin PBXFileReference section */
		F15A0EA31985DEE8002EB3FC /* EverNote.app */ = {isa = PBXFileReference; explicitFileType = wrapper.application; includeInIndex = 0; path = EverNote.app; sourceTree = BUILT_PRODUCTS_DIR; };
		F15A0EA61985DEE8002EB3FC /* Foundation.framework */ = {isa = PBXFileReference; lastKnownFileType = wrapper.framework; name = Foundation.framework; path = System/Library/Frameworks/Foundation.framework; sourceTree = SDKROOT; };
		F15A0EA81985DEE8002EB3FC /* CoreGraphics.framework */ = {isa = PBXFileReference; lastKnownFileType = wrapper.framework; name = CoreGraphics.framework; path = System/Library/Frameworks/CoreGraphics.framework; sourceTree = SDKROOT; };
		F15A0EAA1985DEE8002EB3FC /* UIKit.framework */ = {isa = PBXFileReference; lastKnownFileType = wrapper.framework; name = UIKit.framework; path = System/Library/Frameworks/UIKit.framework; sourceTree = SDKROOT; };
		F15A0EAE1985DEE8002EB3FC /* EverNote-Info.plist */ = {isa = PBXFileReference; lastKnownFileType = text.plist.xml; path = "EverNote-Info.plist"; sourceTree = "<group>"; };
		F15A0EB01985DEE8002EB3FC /* en */ = {isa = PBXFileReference; lastKnownFileType = text.plist.strings; name = en; path = en.lproj/InfoPlist.strings; sourceTree = "<group>"; };
		F15A0EB21985DEE8002EB3FC /* main.m */ = {isa = PBXFileReference; lastKnownFileType = sourcecode.c.objc; path = main.m; sourceTree = "<group>"; };
		F15A0EB41985DEE8002EB3FC /* EverNote-Prefix.pch */ = {isa = PBXFileReference; lastKnownFileType = sourcecode.c.h; path = "EverNote-Prefix.pch"; sourceTree = "<group>"; };
		F15A0EB51985DEE8002EB3FC /* AppDelegate.h */ = {isa = PBXFileReference; lastKnownFileType = sourcecode.c.h; path = AppDelegate.h; sourceTree = "<group>"; };
		F15A0EB61985DEE8002EB3FC /* AppDelegate.m */ = {isa = PBXFileReference; lastKnownFileType = sourcecode.c.objc; path = AppDelegate.m; sourceTree = "<group>"; };
		F15A0EB81985DEE8002EB3FC /* Images.xcassets */ = {isa = PBXFileReference; lastKnownFileType = folder.assetcatalog; path = Images.xcassets; sourceTree = "<group>"; };
		F15A0EBE1985DEE8002EB3FC /* EverNoteTests.xctest */ = {isa = PBXFileReference; explicitFileType = wrapper.cfbundle; includeInIndex = 0; path = EverNoteTests.xctest; sourceTree = BUILT_PRODUCTS_DIR; };
		F15A0EBF1985DEE8002EB3FC /* XCTest.framework */ = {isa = PBXFileReference; lastKnownFileType = wrapper.framework; name = XCTest.framework; path = Library/Frameworks/XCTest.framework; sourceTree = DEVELOPER_DIR; };
		F15A0EC71985DEE8002EB3FC /* EverNoteTests-Info.plist */ = {isa = PBXFileReference; lastKnownFileType = text.plist.xml; path = "EverNoteTests-Info.plist"; sourceTree = "<group>"; };
		F15A0EC91985DEE8002EB3FC /* en */ = {isa = PBXFileReference; lastKnownFileType = text.plist.strings; name = en; path = en.lproj/InfoPlist.strings; sourceTree = "<group>"; };
		F15A0ECB1985DEE8002EB3FC /* EverNoteTests.m */ = {isa = PBXFileReference; lastKnownFileType = sourcecode.c.objc; path = EverNoteTests.m; sourceTree = "<group>"; };
		F15A0ED61985E004002EB3FC /* AGTSimpleCoreDataStack.h */ = {isa = PBXFileReference; fileEncoding = 4; lastKnownFileType = sourcecode.c.h; path = AGTSimpleCoreDataStack.h; sourceTree = "<group>"; };
		F15A0ED71985E004002EB3FC /* AGTSimpleCoreDataStack.m */ = {isa = PBXFileReference; fileEncoding = 4; lastKnownFileType = sourcecode.c.objc; path = AGTSimpleCoreDataStack.m; sourceTree = "<group>"; };
		F15A0EDE1985EFE9002EB3FC /* ModelNotas.xcdatamodel */ = {isa = PBXFileReference; lastKnownFileType = wrapper.xcdatamodel; path = ModelNotas.xcdatamodel; sourceTree = "<group>"; };
		F15A0EE91986B58B002EB3FC /* _NamedEntity.h */ = {isa = PBXFileReference; fileEncoding = 4; lastKnownFileType = sourcecode.c.h; name = _NamedEntity.h; path = Models/DataModels/_NamedEntity.h; sourceTree = "<group>"; };
		F15A0EEA1986B58B002EB3FC /* _NamedEntity.m */ = {isa = PBXFileReference; fileEncoding = 4; lastKnownFileType = sourcecode.c.objc; name = _NamedEntity.m; path = Models/DataModels/_NamedEntity.m; sourceTree = "<group>"; };
		F15A0EEB1986B58B002EB3FC /* _Note.h */ = {isa = PBXFileReference; fileEncoding = 4; lastKnownFileType = sourcecode.c.h; name = _Note.h; path = Models/DataModels/_Note.h; sourceTree = "<group>"; };
		F15A0EEC1986B58B002EB3FC /* _Note.m */ = {isa = PBXFileReference; fileEncoding = 4; lastKnownFileType = sourcecode.c.objc; name = _Note.m; path = Models/DataModels/_Note.m; sourceTree = "<group>"; };
		F15A0EED1986B58B002EB3FC /* _NoteBook.h */ = {isa = PBXFileReference; fileEncoding = 4; lastKnownFileType = sourcecode.c.h; name = _NoteBook.h; path = Models/DataModels/_NoteBook.h; sourceTree = "<group>"; };
		F15A0EEE1986B58B002EB3FC /* _NoteBook.m */ = {isa = PBXFileReference; fileEncoding = 4; lastKnownFileType = sourcecode.c.objc; name = _NoteBook.m; path = Models/DataModels/_NoteBook.m; sourceTree = "<group>"; };
		F15A0EEF1986B58B002EB3FC /* NamedEntity.h */ = {isa = PBXFileReference; fileEncoding = 4; lastKnownFileType = sourcecode.c.h; name = NamedEntity.h; path = Models/DataModels/NamedEntity.h; sourceTree = "<group>"; };
		F15A0EF01986B58B002EB3FC /* NamedEntity.m */ = {isa = PBXFileReference; fileEncoding = 4; lastKnownFileType = sourcecode.c.objc; name = NamedEntity.m; path = Models/DataModels/NamedEntity.m; sourceTree = "<group>"; };
		F15A0EF11986B58B002EB3FC /* Note.h */ = {isa = PBXFileReference; fileEncoding = 4; lastKnownFileType = sourcecode.c.h; name = Note.h; path = Models/DataModels/Note.h; sourceTree = "<group>"; };
		F15A0EF21986B58B002EB3FC /* Note.m */ = {isa = PBXFileReference; fileEncoding = 4; lastKnownFileType = sourcecode.c.objc; name = Note.m; path = Models/DataModels/Note.m; sourceTree = "<group>"; };
		F15A0EF31986B58B002EB3FC /* NoteBook.h */ = {isa = PBXFileReference; fileEncoding = 4; lastKnownFileType = sourcecode.c.h; name = NoteBook.h; path = Models/DataModels/NoteBook.h; sourceTree = "<group>"; };
		F15A0EF41986B58C002EB3FC /* NoteBook.m */ = {isa = PBXFileReference; fileEncoding = 4; lastKnownFileType = sourcecode.c.objc; name = NoteBook.m; path = Models/DataModels/NoteBook.m; sourceTree = "<group>"; };
		F15A0EFB1986BD74002EB3FC /* _Photo.h */ = {isa = PBXFileReference; fileEncoding = 4; lastKnownFileType = sourcecode.c.h; name = _Photo.h; path = Models/DataModels/_Photo.h; sourceTree = "<group>"; };
		F15A0EFC1986BD74002EB3FC /* _Photo.m */ = {isa = PBXFileReference; fileEncoding = 4; lastKnownFileType = sourcecode.c.objc; name = _Photo.m; path = Models/DataModels/_Photo.m; sourceTree = "<group>"; };
		F15A0EFD1986BD74002EB3FC /* Photo.h */ = {isa = PBXFileReference; fileEncoding = 4; lastKnownFileType = sourcecode.c.h; name = Photo.h; path = Models/DataModels/Photo.h; sourceTree = "<group>"; };
		F15A0EFE1986BD74002EB3FC /* Photo.m */ = {isa = PBXFileReference; fileEncoding = 4; lastKnownFileType = sourcecode.c.objc; name = Photo.m; path = Models/DataModels/Photo.m; sourceTree = "<group>"; };
		F19CF16C1989DBF200D3E725 /* Settings.h */ = {isa = PBXFileReference; lastKnownFileType = sourcecode.c.h; name = Settings.h; path = Controllers/Settings.h; sourceTree = "<group>"; };
		F19CF16D1990404B00D3E725 /* AGTCoreDataTableViewController.h */ = {isa = PBXFileReference; fileEncoding = 4; lastKnownFileType = sourcecode.c.h; path = AGTCoreDataTableViewController.h; sourceTree = "<group>"; };
		F19CF16E1990404B00D3E725 /* AGTCoreDataTableViewController.m */ = {isa = PBXFileReference; fileEncoding = 4; lastKnownFileType = sourcecode.c.objc; path = AGTCoreDataTableViewController.m; sourceTree = "<group>"; };
		F19CF172199040E600D3E725 /* NotebooksViewController.h */ = {isa = PBXFileReference; fileEncoding = 4; lastKnownFileType = sourcecode.c.h; name = NotebooksViewController.h; path = Controllers/Notebooks/NotebooksViewController.h; sourceTree = "<group>"; };
		F19CF173199040E600D3E725 /* NotebooksViewController.m */ = {isa = PBXFileReference; fileEncoding = 4; lastKnownFileType = sourcecode.c.objc; name = NotebooksViewController.m; path = Controllers/Notebooks/NotebooksViewController.m; sourceTree = "<group>"; };
		F19CF176199160B400D3E725 /* UIViewController+Navigation.h */ = {isa = PBXFileReference; fileEncoding = 4; lastKnownFileType = sourcecode.c.h; name = "UIViewController+Navigation.h"; path = "Categories/UIViewController+Navigation.h"; sourceTree = "<group>"; };
		F19CF177199160B400D3E725 /* UIViewController+Navigation.m */ = {isa = PBXFileReference; fileEncoding = 4; lastKnownFileType = sourcecode.c.objc; name = "UIViewController+Navigation.m"; path = "Categories/UIViewController+Navigation.m"; sourceTree = "<group>"; };
		F19CF17C1991639200D3E725 /* NotebookCellView.xib */ = {isa = PBXFileReference; fileEncoding = 4; lastKnownFileType = file.xib; name = NotebookCellView.xib; path = Views/NotebookView/Cell/NotebookCellView.xib; sourceTree = "<group>"; };
		F19CF17E1991667300D3E725 /* NotebookCellView.h */ = {isa = PBXFileReference; fileEncoding = 4; lastKnownFileType = sourcecode.c.h; name = NotebookCellView.h; path = Views/NotebookView/Cell/NotebookCellView.h; sourceTree = "<group>"; };
		F19CF17F1991667400D3E725 /* NotebookCellView.m */ = {isa = PBXFileReference; fileEncoding = 4; lastKnownFileType = sourcecode.c.objc; name = NotebookCellView.m; path = Views/NotebookView/Cell/NotebookCellView.m; sourceTree = "<group>"; };
		F1AD231B199EDF5C0049552C /* NotesTableViewController.h */ = {isa = PBXFileReference; fileEncoding = 4; lastKnownFileType = sourcecode.c.h; name = NotesTableViewController.h; path = Controllers/Notes/NotesTableViewController.h; sourceTree = "<group>"; };
		F1AD231C199EDF5C0049552C /* NotesTableViewController.m */ = {isa = PBXFileReference; fileEncoding = 4; lastKnownFileType = sourcecode.c.objc; name = NotesTableViewController.m; path = Controllers/Notes/NotesTableViewController.m; sourceTree = "<group>"; };
		F1FE4B1319AE1EB9001179BA /* NoteCollectionViewCell.xib */ = {isa = PBXFileReference; fileEncoding = 4; lastKnownFileType = file.xib; name = NoteCollectionViewCell.xib; path = Views/NoteView/Cell/NoteCollectionViewCell.xib; sourceTree = "<group>"; };
		F1FE4B1519AE207D001179BA /* NoteCollectionViewCell.h */ = {isa = PBXFileReference; fileEncoding = 4; lastKnownFileType = sourcecode.c.h; name = NoteCollectionViewCell.h; path = Views/NoteView/Cell/NoteCollectionViewCell.h; sourceTree = "<group>"; };
		F1FE4B1619AE207D001179BA /* NoteCollectionViewCell.m */ = {isa = PBXFileReference; fileEncoding = 4; lastKnownFileType = sourcecode.c.objc; name = NoteCollectionViewCell.m; path = Views/NoteView/Cell/NoteCollectionViewCell.m; sourceTree = "<group>"; };
		F1FE4B1919AE233D001179BA /* AGTCoreDataCollectionViewController.h */ = {isa = PBXFileReference; fileEncoding = 4; lastKnownFileType = sourcecode.c.h; path = AGTCoreDataCollectionViewController.h; sourceTree = "<group>"; };
		F1FE4B1A19AE233D001179BA /* AGTCoreDataCollectionViewController.m */ = {isa = PBXFileReference; fileEncoding = 4; lastKnownFileType = sourcecode.c.objc; path = AGTCoreDataCollectionViewController.m; sourceTree = "<group>"; };
		F1FE4B1C19AE23AB001179BA /* NotesCollectionViewController.h */ = {isa = PBXFileReference; fileEncoding = 4; lastKnownFileType = sourcecode.c.h; name = NotesCollectionViewController.h; path = Controllers/Notes/NotesCollectionViewController.h; sourceTree = "<group>"; };
		F1FE4B1D19AE23AB001179BA /* NotesCollectionViewController.m */ = {isa = PBXFileReference; fileEncoding = 4; lastKnownFileType = sourcecode.c.objc; name = NotesCollectionViewController.m; path = Controllers/Notes/NotesCollectionViewController.m; sourceTree = "<group>"; };
/* End PBXFileReference section */

/* Begin PBXFrameworksBuildPhase section */
		F15A0EA01985DEE7002EB3FC /* Frameworks */ = {
			isa = PBXFrameworksBuildPhase;
			buildActionMask = 2147483647;
			files = (
				F15A0EA91985DEE8002EB3FC /* CoreGraphics.framework in Frameworks */,
				F15A0EAB1985DEE8002EB3FC /* UIKit.framework in Frameworks */,
				F15A0EA71985DEE8002EB3FC /* Foundation.framework in Frameworks */,
			);
			runOnlyForDeploymentPostprocessing = 0;
		};
		F15A0EBB1985DEE8002EB3FC /* Frameworks */ = {
			isa = PBXFrameworksBuildPhase;
			buildActionMask = 2147483647;
			files = (
				F15A0EC01985DEE8002EB3FC /* XCTest.framework in Frameworks */,
				F15A0EC21985DEE8002EB3FC /* UIKit.framework in Frameworks */,
				F15A0EC11985DEE8002EB3FC /* Foundation.framework in Frameworks */,
			);
			runOnlyForDeploymentPostprocessing = 0;
		};
/* End PBXFrameworksBuildPhase section */

/* Begin PBXGroup section */
		F15A0E9A1985DEE7002EB3FC = {
			isa = PBXGroup;
			children = (
				F15A0EAC1985DEE8002EB3FC /* EverNote */,
				F15A0EC51985DEE8002EB3FC /* EverNoteTests */,
				F15A0EA51985DEE8002EB3FC /* Frameworks */,
				F15A0EA41985DEE8002EB3FC /* Products */,
			);
			sourceTree = "<group>";
		};
		F15A0EA41985DEE8002EB3FC /* Products */ = {
			isa = PBXGroup;
			children = (
				F15A0EA31985DEE8002EB3FC /* EverNote.app */,
				F15A0EBE1985DEE8002EB3FC /* EverNoteTests.xctest */,
			);
			name = Products;
			sourceTree = "<group>";
		};
		F15A0EA51985DEE8002EB3FC /* Frameworks */ = {
			isa = PBXGroup;
			children = (
				F15A0EA61985DEE8002EB3FC /* Foundation.framework */,
				F15A0EA81985DEE8002EB3FC /* CoreGraphics.framework */,
				F15A0EAA1985DEE8002EB3FC /* UIKit.framework */,
				F15A0EBF1985DEE8002EB3FC /* XCTest.framework */,
			);
			name = Frameworks;
			sourceTree = "<group>";
		};
		F15A0EAC1985DEE8002EB3FC /* EverNote */ = {
			isa = PBXGroup;
			children = (
				F19CF179199162FB00D3E725 /* Views */,
				F19CF1751991607700D3E725 /* Categories */,
				F19CF16B1989DBB400D3E725 /* Controllers */,
				F15A0ED51985DF2E002EB3FC /* Models */,
				F15A0EB51985DEE8002EB3FC /* AppDelegate.h */,
				F15A0EB61985DEE8002EB3FC /* AppDelegate.m */,
				F15A0EB81985DEE8002EB3FC /* Images.xcassets */,
				F15A0EAD1985DEE8002EB3FC /* Supporting Files */,
			);
			path = EverNote;
			sourceTree = "<group>";
		};
		F15A0EAD1985DEE8002EB3FC /* Supporting Files */ = {
			isa = PBXGroup;
			children = (
				F15A0EAE1985DEE8002EB3FC /* EverNote-Info.plist */,
				F15A0EAF1985DEE8002EB3FC /* InfoPlist.strings */,
				F15A0EB21985DEE8002EB3FC /* main.m */,
				F15A0EB41985DEE8002EB3FC /* EverNote-Prefix.pch */,
			);
			name = "Supporting Files";
			sourceTree = "<group>";
		};
		F15A0EC51985DEE8002EB3FC /* EverNoteTests */ = {
			isa = PBXGroup;
			children = (
				F15A0ECB1985DEE8002EB3FC /* EverNoteTests.m */,
				F15A0EC61985DEE8002EB3FC /* Supporting Files */,
			);
			path = EverNoteTests;
			sourceTree = "<group>";
		};
		F15A0EC61985DEE8002EB3FC /* Supporting Files */ = {
			isa = PBXGroup;
			children = (
				F15A0EC71985DEE8002EB3FC /* EverNoteTests-Info.plist */,
				F15A0EC81985DEE8002EB3FC /* InfoPlist.strings */,
			);
			name = "Supporting Files";
			sourceTree = "<group>";
		};
		F15A0ED51985DF2E002EB3FC /* Models */ = {
			isa = PBXGroup;
			children = (
				F15A0ED91985E4C6002EB3FC /* DataModels */,
				F15A0ED61985E004002EB3FC /* AGTSimpleCoreDataStack.h */,
				F15A0ED71985E004002EB3FC /* AGTSimpleCoreDataStack.m */,
			);
			name = Models;
			sourceTree = "<group>";
		};
		F15A0ED91985E4C6002EB3FC /* DataModels */ = {
			isa = PBXGroup;
			children = (
				F15A0EFB1986BD74002EB3FC /* _Photo.h */,
				F15A0EFC1986BD74002EB3FC /* _Photo.m */,
				F15A0EFD1986BD74002EB3FC /* Photo.h */,
				F15A0EFE1986BD74002EB3FC /* Photo.m */,
				F15A0EE91986B58B002EB3FC /* _NamedEntity.h */,
				F15A0EEA1986B58B002EB3FC /* _NamedEntity.m */,
				F15A0EEB1986B58B002EB3FC /* _Note.h */,
				F15A0EEC1986B58B002EB3FC /* _Note.m */,
				F15A0EED1986B58B002EB3FC /* _NoteBook.h */,
				F15A0EEE1986B58B002EB3FC /* _NoteBook.m */,
				F15A0EEF1986B58B002EB3FC /* NamedEntity.h */,
				F15A0EF01986B58B002EB3FC /* NamedEntity.m */,
				F15A0EF11986B58B002EB3FC /* Note.h */,
				F15A0EF21986B58B002EB3FC /* Note.m */,
				F15A0EF31986B58B002EB3FC /* NoteBook.h */,
				F15A0EF41986B58C002EB3FC /* NoteBook.m */,
				F15A0EDD1985EFE9002EB3FC /* ModelNotas.xcdatamodeld */,
			);
			name = DataModels;
			sourceTree = "<group>";
		};
		F19CF16B1989DBB400D3E725 /* Controllers */ = {
			isa = PBXGroup;
			children = (
				F1AD231A199EDEE90049552C /* Notes */,
				F19CF1711990408C00D3E725 /* Notebooks */,
				F19CF1701990407400D3E725 /* CoreDataTableViewController */,
				F1FE4B1819AE231B001179BA /* CoreDataCollectionViewController */,
				F19CF16C1989DBF200D3E725 /* Settings.h */,
			);
			name = Controllers;
			sourceTree = "<group>";
		};
		F19CF1701990407400D3E725 /* CoreDataTableViewController */ = {
			isa = PBXGroup;
			children = (
				F19CF16D1990404B00D3E725 /* AGTCoreDataTableViewController.h */,
				F19CF16E1990404B00D3E725 /* AGTCoreDataTableViewController.m */,
			);
			name = CoreDataTableViewController;
			sourceTree = "<group>";
		};
		F19CF1711990408C00D3E725 /* Notebooks */ = {
			isa = PBXGroup;
			children = (
				F19CF172199040E600D3E725 /* NotebooksViewController.h */,
				F19CF173199040E600D3E725 /* NotebooksViewController.m */,
			);
			name = Notebooks;
			sourceTree = "<group>";
		};
		F19CF1751991607700D3E725 /* Categories */ = {
			isa = PBXGroup;
			children = (
				F19CF176199160B400D3E725 /* UIViewController+Navigation.h */,
				F19CF177199160B400D3E725 /* UIViewController+Navigation.m */,
			);
			name = Categories;
			sourceTree = "<group>";
		};
		F19CF179199162FB00D3E725 /* Views */ = {
			isa = PBXGroup;
			children = (
				F1FE4B1119AE1E68001179BA /* NoteView */,
				F19CF17A1991630D00D3E725 /* NotebookView */,
			);
			name = Views;
			sourceTree = "<group>";
		};
		F19CF17A1991630D00D3E725 /* NotebookView */ = {
			isa = PBXGroup;
			children = (
				F19CF17B1991635F00D3E725 /* Cell */,
			);
			name = NotebookView;
			sourceTree = "<group>";
		};
		F19CF17B1991635F00D3E725 /* Cell */ = {
			isa = PBXGroup;
			children = (
				F19CF17C1991639200D3E725 /* NotebookCellView.xib */,
				F19CF17E1991667300D3E725 /* NotebookCellView.h */,
				F19CF17F1991667400D3E725 /* NotebookCellView.m */,
			);
			name = Cell;
			sourceTree = "<group>";
		};
		F1AD231A199EDEE90049552C /* Notes */ = {
			isa = PBXGroup;
			children = (
				F1AD231B199EDF5C0049552C /* NotesTableViewController.h */,
				F1AD231C199EDF5C0049552C /* NotesTableViewController.m */,
				F1FE4B1C19AE23AB001179BA /* NotesCollectionViewController.h */,
				F1FE4B1D19AE23AB001179BA /* NotesCollectionViewController.m */,
			);
			name = Notes;
			sourceTree = "<group>";
		};
		F1FE4B1119AE1E68001179BA /* NoteView */ = {
			isa = PBXGroup;
			children = (
				F1FE4B1219AE1E7F001179BA /* Cell */,
			);
			name = NoteView;
			sourceTree = "<group>";
		};
		F1FE4B1219AE1E7F001179BA /* Cell */ = {
			isa = PBXGroup;
			children = (
				F1FE4B1319AE1EB9001179BA /* NoteCollectionViewCell.xib */,
				F1FE4B1519AE207D001179BA /* NoteCollectionViewCell.h */,
				F1FE4B1619AE207D001179BA /* NoteCollectionViewCell.m */,
			);
			name = Cell;
			sourceTree = "<group>";
		};
		F1FE4B1819AE231B001179BA /* CoreDataCollectionViewController */ = {
			isa = PBXGroup;
			children = (
				F1FE4B1919AE233D001179BA /* AGTCoreDataCollectionViewController.h */,
				F1FE4B1A19AE233D001179BA /* AGTCoreDataCollectionViewController.m */,
			);
			name = CoreDataCollectionViewController;
			sourceTree = "<group>";
		};
/* End PBXGroup section */

/* Begin PBXNativeTarget section */
		F15A0EA21985DEE7002EB3FC /* EverNote */ = {
			isa = PBXNativeTarget;
			buildConfigurationList = F15A0ECF1985DEE8002EB3FC /* Build configuration list for PBXNativeTarget "EverNote" */;
			buildPhases = (
				F15A0E9F1985DEE7002EB3FC /* Sources */,
				F15A0EA01985DEE7002EB3FC /* Frameworks */,
				F15A0EA11985DEE7002EB3FC /* Resources */,
			);
			buildRules = (
			);
			dependencies = (
			);
			name = EverNote;
			productName = EverNote;
			productReference = F15A0EA31985DEE8002EB3FC /* EverNote.app */;
			productType = "com.apple.product-type.application";
		};
		F15A0EBD1985DEE8002EB3FC /* EverNoteTests */ = {
			isa = PBXNativeTarget;
			buildConfigurationList = F15A0ED21985DEE8002EB3FC /* Build configuration list for PBXNativeTarget "EverNoteTests" */;
			buildPhases = (
				F15A0EBA1985DEE8002EB3FC /* Sources */,
				F15A0EBB1985DEE8002EB3FC /* Frameworks */,
				F15A0EBC1985DEE8002EB3FC /* Resources */,
			);
			buildRules = (
			);
			dependencies = (
				F15A0EC41985DEE8002EB3FC /* PBXTargetDependency */,
			);
			name = EverNoteTests;
			productName = EverNoteTests;
			productReference = F15A0EBE1985DEE8002EB3FC /* EverNoteTests.xctest */;
			productType = "com.apple.product-type.bundle.unit-test";
		};
/* End PBXNativeTarget section */

/* Begin PBXProject section */
		F15A0E9B1985DEE7002EB3FC /* Project object */ = {
			isa = PBXProject;
			attributes = {
				LastUpgradeCheck = 0510;
				ORGANIZATIONNAME = "Yesid Leon";
				TargetAttributes = {
					F15A0EBD1985DEE8002EB3FC = {
						TestTargetID = F15A0EA21985DEE7002EB3FC;
					};
				};
			};
			buildConfigurationList = F15A0E9E1985DEE7002EB3FC /* Build configuration list for PBXProject "EverNote" */;
			compatibilityVersion = "Xcode 3.2";
			developmentRegion = English;
			hasScannedForEncodings = 0;
			knownRegions = (
				en,
			);
			mainGroup = F15A0E9A1985DEE7002EB3FC;
			productRefGroup = F15A0EA41985DEE8002EB3FC /* Products */;
			projectDirPath = "";
			projectRoot = "";
			targets = (
				F15A0EA21985DEE7002EB3FC /* EverNote */,
				F15A0EBD1985DEE8002EB3FC /* EverNoteTests */,
			);
		};
/* End PBXProject section */

/* Begin PBXResourcesBuildPhase section */
		F15A0EA11985DEE7002EB3FC /* Resources */ = {
			isa = PBXResourcesBuildPhase;
			buildActionMask = 2147483647;
			files = (
				F1FE4B1419AE1EB9001179BA /* NoteCollectionViewCell.xib in Resources */,
				F19CF17D1991639300D3E725 /* NotebookCellView.xib in Resources */,
				F15A0EB11985DEE8002EB3FC /* InfoPlist.strings in Resources */,
				F15A0EB91985DEE8002EB3FC /* Images.xcassets in Resources */,
			);
			runOnlyForDeploymentPostprocessing = 0;
		};
		F15A0EBC1985DEE8002EB3FC /* Resources */ = {
			isa = PBXResourcesBuildPhase;
			buildActionMask = 2147483647;
			files = (
				F15A0ECA1985DEE8002EB3FC /* InfoPlist.strings in Resources */,
			);
			runOnlyForDeploymentPostprocessing = 0;
		};
/* End PBXResourcesBuildPhase section */

/* Begin PBXSourcesBuildPhase section */
		F15A0E9F1985DEE7002EB3FC /* Sources */ = {
			isa = PBXSourcesBuildPhase;
			buildActionMask = 2147483647;
			files = (
				F15A0F001986BD74002EB3FC /* Photo.m in Sources */,
				F15A0EFF1986BD74002EB3FC /* _Photo.m in Sources */,
				F15A0EFA1986B58C002EB3FC /* NoteBook.m in Sources */,
				F15A0EF91986B58C002EB3FC /* Note.m in Sources */,
				F15A0EB71985DEE8002EB3FC /* AppDelegate.m in Sources */,
				F15A0EF71986B58C002EB3FC /* _NoteBook.m in Sources */,
				F1FE4B1E19AE23AB001179BA /* NotesCollectionViewController.m in Sources */,
				F19CF178199160B400D3E725 /* UIViewController+Navigation.m in Sources */,
				F15A0EF81986B58C002EB3FC /* NamedEntity.m in Sources */,
				F19CF174199040E600D3E725 /* NotebooksViewController.m in Sources */,
				F19CF1801991667400D3E725 /* NotebookCellView.m in Sources */,
				F15A0EDF1985EFE9002EB3FC /* ModelNotas.xcdatamodeld in Sources */,
				F19CF16F1990404B00D3E725 /* AGTCoreDataTableViewController.m in Sources */,
				F1FE4B1B19AE233D001179BA /* AGTCoreDataCollectionViewController.m in Sources */,
				F15A0EB31985DEE8002EB3FC /* main.m in Sources */,
				F15A0EF61986B58C002EB3FC /* _Note.m in Sources */,
				F15A0EF51986B58C002EB3FC /* _NamedEntity.m in Sources */,
				F15A0ED81985E004002EB3FC /* AGTSimpleCoreDataStack.m in Sources */,
				F1FE4B1719AE207D001179BA /* NoteCollectionViewCell.m in Sources */,
				F1AD231D199EDF5C0049552C /* NotesTableViewController.m in Sources */,
			);
			runOnlyForDeploymentPostprocessing = 0;
		};
		F15A0EBA1985DEE8002EB3FC /* Sources */ = {
			isa = PBXSourcesBuildPhase;
			buildActionMask = 2147483647;
			files = (
				F15A0ECC1985DEE8002EB3FC /* EverNoteTests.m in Sources */,
			);
			runOnlyForDeploymentPostprocessing = 0;
		};
/* End PBXSourcesBuildPhase section */

/* Begin PBXTargetDependency section */
		F15A0EC41985DEE8002EB3FC /* PBXTargetDependency */ = {
			isa = PBXTargetDependency;
			target = F15A0EA21985DEE7002EB3FC /* EverNote */;
			targetProxy = F15A0EC31985DEE8002EB3FC /* PBXContainerItemProxy */;
		};
/* End PBXTargetDependency section */

/* Begin PBXVariantGroup section */
		F15A0EAF1985DEE8002EB3FC /* InfoPlist.strings */ = {
			isa = PBXVariantGroup;
			children = (
				F15A0EB01985DEE8002EB3FC /* en */,
			);
			name = InfoPlist.strings;
			sourceTree = "<group>";
		};
		F15A0EC81985DEE8002EB3FC /* InfoPlist.strings */ = {
			isa = PBXVariantGroup;
			children = (
				F15A0EC91985DEE8002EB3FC /* en */,
			);
			name = InfoPlist.strings;
			sourceTree = "<group>";
		};
/* End PBXVariantGroup section */

/* Begin XCBuildConfiguration section */
		F15A0ECD1985DEE8002EB3FC /* Debug */ = {
			isa = XCBuildConfiguration;
			buildSettings = {
				ALWAYS_SEARCH_USER_PATHS = NO;
				CLANG_CXX_LANGUAGE_STANDARD = "gnu++0x";
				CLANG_CXX_LIBRARY = "libc++";
				CLANG_ENABLE_MODULES = YES;
				CLANG_ENABLE_OBJC_ARC = YES;
				CLANG_WARN_BOOL_CONVERSION = YES;
				CLANG_WARN_CONSTANT_CONVERSION = YES;
				CLANG_WARN_DIRECT_OBJC_ISA_USAGE = YES_ERROR;
				CLANG_WARN_EMPTY_BODY = YES;
				CLANG_WARN_ENUM_CONVERSION = YES;
				CLANG_WARN_INT_CONVERSION = YES;
				CLANG_WARN_OBJC_ROOT_CLASS = YES_ERROR;
				CLANG_WARN__DUPLICATE_METHOD_MATCH = YES;
				"CODE_SIGN_IDENTITY[sdk=iphoneos*]" = "iPhone Developer";
				COPY_PHASE_STRIP = NO;
				GCC_C_LANGUAGE_STANDARD = gnu99;
				GCC_DYNAMIC_NO_PIC = NO;
				GCC_OPTIMIZATION_LEVEL = 0;
				GCC_PREPROCESSOR_DEFINITIONS = (
					"DEBUG=1",
					"$(inherited)",
				);
				GCC_SYMBOLS_PRIVATE_EXTERN = NO;
				GCC_WARN_64_TO_32_BIT_CONVERSION = YES;
				GCC_WARN_ABOUT_RETURN_TYPE = YES_ERROR;
				GCC_WARN_UNDECLARED_SELECTOR = YES;
				GCC_WARN_UNINITIALIZED_AUTOS = YES;
				GCC_WARN_UNUSED_FUNCTION = YES;
				GCC_WARN_UNUSED_VARIABLE = YES;
				IPHONEOS_DEPLOYMENT_TARGET = 7.0;
				ONLY_ACTIVE_ARCH = YES;
				SDKROOT = iphoneos;
			};
			name = Debug;
		};
		F15A0ECE1985DEE8002EB3FC /* Release */ = {
			isa = XCBuildConfiguration;
			buildSettings = {
				ALWAYS_SEARCH_USER_PATHS = NO;
				CLANG_CXX_LANGUAGE_STANDARD = "gnu++0x";
				CLANG_CXX_LIBRARY = "libc++";
				CLANG_ENABLE_MODULES = YES;
				CLANG_ENABLE_OBJC_ARC = YES;
				CLANG_WARN_BOOL_CONVERSION = YES;
				CLANG_WARN_CONSTANT_CONVERSION = YES;
				CLANG_WARN_DIRECT_OBJC_ISA_USAGE = YES_ERROR;
				CLANG_WARN_EMPTY_BODY = YES;
				CLANG_WARN_ENUM_CONVERSION = YES;
				CLANG_WARN_INT_CONVERSION = YES;
				CLANG_WARN_OBJC_ROOT_CLASS = YES_ERROR;
				CLANG_WARN__DUPLICATE_METHOD_MATCH = YES;
				"CODE_SIGN_IDENTITY[sdk=iphoneos*]" = "iPhone Developer";
				COPY_PHASE_STRIP = YES;
				ENABLE_NS_ASSERTIONS = NO;
				GCC_C_LANGUAGE_STANDARD = gnu99;
				GCC_WARN_64_TO_32_BIT_CONVERSION = YES;
				GCC_WARN_ABOUT_RETURN_TYPE = YES_ERROR;
				GCC_WARN_UNDECLARED_SELECTOR = YES;
				GCC_WARN_UNINITIALIZED_AUTOS = YES;
				GCC_WARN_UNUSED_FUNCTION = YES;
				GCC_WARN_UNUSED_VARIABLE = YES;
				IPHONEOS_DEPLOYMENT_TARGET = 7.0;
				SDKROOT = iphoneos;
				VALIDATE_PRODUCT = YES;
			};
			name = Release;
		};
		F15A0ED01985DEE8002EB3FC /* Debug */ = {
			isa = XCBuildConfiguration;
			buildSettings = {
				ASSETCATALOG_COMPILER_APPICON_NAME = AppIcon;
				ASSETCATALOG_COMPILER_LAUNCHIMAGE_NAME = LaunchImage;
				GCC_PRECOMPILE_PREFIX_HEADER = YES;
				GCC_PREFIX_HEADER = "EverNote/EverNote-Prefix.pch";
				INFOPLIST_FILE = "EverNote/EverNote-Info.plist";
				PRODUCT_NAME = "$(TARGET_NAME)";
				WRAPPER_EXTENSION = app;
			};
			name = Debug;
		};
		F15A0ED11985DEE8002EB3FC /* Release */ = {
			isa = XCBuildConfiguration;
			buildSettings = {
				ASSETCATALOG_COMPILER_APPICON_NAME = AppIcon;
				ASSETCATALOG_COMPILER_LAUNCHIMAGE_NAME = LaunchImage;
				GCC_PRECOMPILE_PREFIX_HEADER = YES;
				GCC_PREFIX_HEADER = "EverNote/EverNote-Prefix.pch";
				INFOPLIST_FILE = "EverNote/EverNote-Info.plist";
				PRODUCT_NAME = "$(TARGET_NAME)";
				WRAPPER_EXTENSION = app;
			};
			name = Release;
		};
		F15A0ED31985DEE8002EB3FC /* Debug */ = {
			isa = XCBuildConfiguration;
			buildSettings = {
				BUNDLE_LOADER = "$(BUILT_PRODUCTS_DIR)/EverNote.app/EverNote";
				FRAMEWORK_SEARCH_PATHS = (
					"$(SDKROOT)/Developer/Library/Frameworks",
					"$(inherited)",
					"$(DEVELOPER_FRAMEWORKS_DIR)",
				);
				GCC_PRECOMPILE_PREFIX_HEADER = YES;
				GCC_PREFIX_HEADER = "EverNote/EverNote-Prefix.pch";
				GCC_PREPROCESSOR_DEFINITIONS = (
					"DEBUG=1",
					"$(inherited)",
				);
				INFOPLIST_FILE = "EverNoteTests/EverNoteTests-Info.plist";
				PRODUCT_NAME = "$(TARGET_NAME)";
				TEST_HOST = "$(BUNDLE_LOADER)";
				WRAPPER_EXTENSION = xctest;
			};
			name = Debug;
		};
		F15A0ED41985DEE8002EB3FC /* Release */ = {
			isa = XCBuildConfiguration;
			buildSettings = {
				BUNDLE_LOADER = "$(BUILT_PRODUCTS_DIR)/EverNote.app/EverNote";
				FRAMEWORK_SEARCH_PATHS = (
					"$(SDKROOT)/Developer/Library/Frameworks",
					"$(inherited)",
					"$(DEVELOPER_FRAMEWORKS_DIR)",
				);
				GCC_PRECOMPILE_PREFIX_HEADER = YES;
				GCC_PREFIX_HEADER = "EverNote/EverNote-Prefix.pch";
				INFOPLIST_FILE = "EverNoteTests/EverNoteTests-Info.plist";
				PRODUCT_NAME = "$(TARGET_NAME)";
				TEST_HOST = "$(BUNDLE_LOADER)";
				WRAPPER_EXTENSION = xctest;
			};
			name = Release;
		};
/* End XCBuildConfiguration section */

/* Begin XCConfigurationList section */
		F15A0E9E1985DEE7002EB3FC /* Build configuration list for PBXProject "EverNote" */ = {
			isa = XCConfigurationList;
			buildConfigurations = (
				F15A0ECD1985DEE8002EB3FC /* Debug */,
				F15A0ECE1985DEE8002EB3FC /* Release */,
			);
			defaultConfigurationIsVisible = 0;
			defaultConfigurationName = Release;
		};
		F15A0ECF1985DEE8002EB3FC /* Build configuration list for PBXNativeTarget "EverNote" */ = {
			isa = XCConfigurationList;
			buildConfigurations = (
				F15A0ED01985DEE8002EB3FC /* Debug */,
				F15A0ED11985DEE8002EB3FC /* Release */,
			);
			defaultConfigurationIsVisible = 0;
			defaultConfigurationName = Release;
		};
		F15A0ED21985DEE8002EB3FC /* Build configuration list for PBXNativeTarget "EverNoteTests" */ = {
			isa = XCConfigurationList;
			buildConfigurations = (
				F15A0ED31985DEE8002EB3FC /* Debug */,
				F15A0ED41985DEE8002EB3FC /* Release */,
			);
			defaultConfigurationIsVisible = 0;
			defaultConfigurationName = Release;
		};
/* End XCConfigurationList section */

/* Begin XCVersionGroup section */
		F15A0EDD1985EFE9002EB3FC /* ModelNotas.xcdatamodeld */ = {
			isa = XCVersionGroup;
			children = (
				F15A0EDE1985EFE9002EB3FC /* ModelNotas.xcdatamodel */,
			);
			currentVersion = F15A0EDE1985EFE9002EB3FC /* ModelNotas.xcdatamodel */;
			name = ModelNotas.xcdatamodeld;
			path = Models/DataModels/ModelNotas.xcdatamodeld;
			sourceTree = "<group>";
			versionGroupType = wrapper.xcdatamodel;
		};
/* End XCVersionGroup section */
	};
	rootObject = F15A0E9B1985DEE7002EB3FC /* Project object */;
}
