// !$*UTF8*$!
{
	archiveVersion = 1;
	classes = {
	};
	objectVersion = 46;
	objects = {

/* Begin PBXBuildFile section */
		F15A0EA71985DEE8002EB3FC /* Foundation.framework in Frameworks */ = {isa = PBXBuildFile; fileRef = F15A0EA61985DEE8002EB3FC /* Foundation.framework */; };
		F15A0EA91985DEE8002EB3FC /* CoreGraphics.framework in Frameworks */ = {isa = PBXBuildFile; fileRef = F15A0EA81985DEE8002EB3FC /* CoreGraphics.framework */; };
		F15A0EAB1985DEE8002EB3FC /* UIKit.framework in Frameworks */ = {isa = PBXBuildFile; fileRef = F15A0EAA1985DEE8002EB3FC /* UIKit.framework */; };
		F15A0EB11985DEE8002EB3FC /* InfoPlist.strings in Resources */ = {isa = PBXBuildFile; fileRef = F15A0EAF1985DEE8002EB3FC /* InfoPlist.strings */; };
		F15A0EB31985DEE8002EB3FC /* main.m in Sources */ = {isa = PBXBuildFile; fileRef = F15A0EB21985DEE8002EB3FC /* main.m */; };
		F15A0EB71985DEE8002EB3FC /* AppDelegate.m in Sources */ = {isa = PBXBuildFile; fileRef = F15A0EB61985DEE8002EB3FC /* AppDelegate.m */; };
		F15A0EB91985DEE8002EB3FC /* Images.xcassets in Resources */ = {isa = PBXBuildFile; fileRef = F15A0EB81985DEE8002EB3FC /* Images.xcassets */; };
		F15A0EC01985DEE8002EB3FC /* XCTest.framework in Frameworks */ = {isa = PBXBuildFile; fileRef = F15A0EBF1985DEE8002EB3FC /* XCTest.framework */; };
		F15A0EC11985DEE8002EB3FC /* Foundation.framework in Frameworks */ = {isa = PBXBuildFile; fileRef = F15A0EA61985DEE8002EB3FC /* Foundation.framework */; };
		F15A0EC21985DEE8002EB3FC /* UIKit.framework in Frameworks */ = {isa = PBXBuildFile; fileRef = F15A0EAA1985DEE8002EB3FC /* UIKit.framework */; };
		F15A0ECA1985DEE8002EB3FC /* InfoPlist.strings in Resources */ = {isa = PBXBuildFile; fileRef = F15A0EC81985DEE8002EB3FC /* InfoPlist.strings */; };
		F15A0ECC1985DEE8002EB3FC /* EverNoteTests.m in Sources */ = {isa = PBXBuildFile; fileRef = F15A0ECB1985DEE8002EB3FC /* EverNoteTests.m */; };
/* End PBXBuildFile section */

/* Begin PBXContainerItemProxy section */
		F15A0EC31985DEE8002EB3FC /* PBXContainerItemProxy */ = {
			isa = PBXContainerItemProxy;
			containerPortal = F15A0E9B1985DEE7002EB3FC /* Project object */;
			proxyType = 1;
			remoteGlobalIDString = F15A0EA21985DEE7002EB3FC;
			remoteInfo = EverNote;
		};
/* End PBXContainerItemProxy section */

/* Begin PBXFileReference section */
		F15A0EA31985DEE8002EB3FC /* EverNote.app */ = {isa = PBXFileReference; explicitFileType = wrapper.application; includeInIndex = 0; path = EverNote.app; sourceTree = BUILT_PRODUCTS_DIR; };
		F15A0EA61985DEE8002EB3FC /* Foundation.framework */ = {isa = PBXFileReference; lastKnownFileType = wrapper.framework; name = Foundation.framework; path = System/Library/Frameworks/Foundation.framework; sourceTree = SDKROOT; };
		F15A0EA81985DEE8002EB3FC /* CoreGraphics.framework */ = {isa = PBXFileReference; lastKnownFileType = wrapper.framework; name = CoreGraphics.framework; path = System/Library/Frameworks/CoreGraphics.framework; sourceTree = SDKROOT; };
		F15A0EAA1985DEE8002EB3FC /* UIKit.framework */ = {isa = PBXFileReference; lastKnownFileType = wrapper.framework; name = UIKit.framework; path = System/Library/Frameworks/UIKit.framework; sourceTree = SDKROOT; };
		F15A0EAE1985DEE8002EB3FC /* EverNote-Info.plist */ = {isa = PBXFileReference; lastKnownFileType = text.plist.xml; path = "EverNote-Info.plist"; sourceTree = "<group>"; };
		F15A0EB01985DEE8002EB3FC /* en */ = {isa = PBXFileReference; lastKnownFileType = text.plist.strings; name = en; path = en.lproj/InfoPlist.strings; sourceTree = "<group>"; };
		F15A0EB21985DEE8002EB3FC /* main.m */ = {isa = PBXFileReference; lastKnownFileType = sourcecode.c.objc; path = main.m; sourceTree = "<group>"; };
		F15A0EB41985DEE8002EB3FC /* EverNote-Prefix.pch */ = {isa = PBXFileReference; lastKnownFileType = sourcecode.c.h; path = "EverNote-Prefix.pch"; sourceTree = "<group>"; };
		F15A0EB51985DEE8002EB3FC /* AppDelegate.h */ = {isa = PBXFileReference; lastKnownFileType = sourcecode.c.h; path = AppDelegate.h; sourceTree = "<group>"; };
		F15A0EB61985DEE8002EB3FC /* AppDelegate.m */ = {isa = PBXFileReference; lastKnownFileType = sourcecode.c.objc; path = AppDelegate.m; sourceTree = "<group>"; };
		F15A0EB81985DEE8002EB3FC /* Images.xcassets */ = {isa = PBXFileReference; lastKnownFileType = folder.assetcatalog; path = Images.xcassets; sourceTree = "<group>"; };
		F15A0EBE1985DEE8002EB3FC /* EverNoteTests.xctest */ = {isa = PBXFileReference; explicitFileType = wrapper.cfbundle; includeInIndex = 0; path = EverNoteTests.xctest; sourceTree = BUILT_PRODUCTS_DIR; };
		F15A0EBF1985DEE8002EB3FC /* XCTest.framework */ = {isa = PBXFileReference; lastKnownFileType = wrapper.framework; name = XCTest.framework; path = Library/Frameworks/XCTest.framework; sourceTree = DEVELOPER_DIR; };
		F15A0EC71985DEE8002EB3FC /* EverNoteTests-Info.plist */ = {isa = PBXFileReference; lastKnownFileType = text.plist.xml; path = "EverNoteTests-Info.plist"; sourceTree = "<group>"; };
		F15A0EC91985DEE8002EB3FC /* en */ = {isa = PBXFileReference; lastKnownFileType = text.plist.strings; name = en; path = en.lproj/InfoPlist.strings; sourceTree = "<group>"; };
		F15A0ECB1985DEE8002EB3FC /* EverNoteTests.m */ = {isa = PBXFileReference; lastKnownFileType = sourcecode.c.objc; path = EverNoteTests.m; sourceTree = "<group>"; };
/* End PBXFileReference section */

/* Begin PBXFrameworksBuildPhase section */
		F15A0EA01985DEE7002EB3FC /* Frameworks */ = {
			isa = PBXFrameworksBuildPhase;
			buildActionMask = 2147483647;
			files = (
				F15A0EA91985DEE8002EB3FC /* CoreGraphics.framework in Frameworks */,
				F15A0EAB1985DEE8002EB3FC /* UIKit.framework in Frameworks */,
				F15A0EA71985DEE8002EB3FC /* Foundation.framework in Frameworks */,
			);
			runOnlyForDeploymentPostprocessing = 0;
		};
		F15A0EBB1985DEE8002EB3FC /* Frameworks */ = {
			isa = PBXFrameworksBuildPhase;
			buildActionMask = 2147483647;
			files = (
				F15A0EC01985DEE8002EB3FC /* XCTest.framework in Frameworks */,
				F15A0EC21985DEE8002EB3FC /* UIKit.framework in Frameworks */,
				F15A0EC11985DEE8002EB3FC /* Foundation.framework in Frameworks */,
			);
			runOnlyForDeploymentPostprocessing = 0;
		};
/* End PBXFrameworksBuildPhase section */

/* Begin PBXGroup section */
		F15A0E9A1985DEE7002EB3FC = {
			isa = PBXGroup;
			children = (
				F15A0EAC1985DEE8002EB3FC /* EverNote */,
				F15A0EC51985DEE8002EB3FC /* EverNoteTests */,
				F15A0EA51985DEE8002EB3FC /* Frameworks */,
				F15A0EA41985DEE8002EB3FC /* Products */,
			);
			sourceTree = "<group>";
		};
		F15A0EA41985DEE8002EB3FC /* Products */ = {
			isa = PBXGroup;
			children = (
				F15A0EA31985DEE8002EB3FC /* EverNote.app */,
				F15A0EBE1985DEE8002EB3FC /* EverNoteTests.xctest */,
			);
			name = Products;
			sourceTree = "<group>";
		};
		F15A0EA51985DEE8002EB3FC /* Frameworks */ = {
			isa = PBXGroup;
			children = (
				F15A0EA61985DEE8002EB3FC /* Foundation.framework */,
				F15A0EA81985DEE8002EB3FC /* CoreGraphics.framework */,
				F15A0EAA1985DEE8002EB3FC /* UIKit.framework */,
				F15A0EBF1985DEE8002EB3FC /* XCTest.framework */,
			);
			name = Frameworks;
			sourceTree = "<group>";
		};
		F15A0EAC1985DEE8002EB3FC /* EverNote */ = {
			isa = PBXGroup;
			children = (
				F15A0EB51985DEE8002EB3FC /* AppDelegate.h */,
				F15A0EB61985DEE8002EB3FC /* AppDelegate.m */,
				F15A0EB81985DEE8002EB3FC /* Images.xcassets */,
				F15A0EAD1985DEE8002EB3FC /* Supporting Files */,
			);
			path = EverNote;
			sourceTree = "<group>";
		};
		F15A0EAD1985DEE8002EB3FC /* Supporting Files */ = {
			isa = PBXGroup;
			children = (
				F15A0EAE1985DEE8002EB3FC /* EverNote-Info.plist */,
				F15A0EAF1985DEE8002EB3FC /* InfoPlist.strings */,
				F15A0EB21985DEE8002EB3FC /* main.m */,
				F15A0EB41985DEE8002EB3FC /* EverNote-Prefix.pch */,
			);
			name = "Supporting Files";
			sourceTree = "<group>";
		};
		F15A0EC51985DEE8002EB3FC /* EverNoteTests */ = {
			isa = PBXGroup;
			children = (
				F15A0ECB1985DEE8002EB3FC /* EverNoteTests.m */,
				F15A0EC61985DEE8002EB3FC /* Supporting Files */,
			);
			path = EverNoteTests;
			sourceTree = "<group>";
		};
		F15A0EC61985DEE8002EB3FC /* Supporting Files */ = {
			isa = PBXGroup;
			children = (
				F15A0EC71985DEE8002EB3FC /* EverNoteTests-Info.plist */,
				F15A0EC81985DEE8002EB3FC /* InfoPlist.strings */,
			);
			name = "Supporting Files";
			sourceTree = "<group>";
		};
/* End PBXGroup section */

/* Begin PBXNativeTarget section */
		F15A0EA21985DEE7002EB3FC /* EverNote */ = {
			isa = PBXNativeTarget;
			buildConfigurationList = F15A0ECF1985DEE8002EB3FC /* Build configuration list for PBXNativeTarget "EverNote" */;
			buildPhases = (
				F15A0E9F1985DEE7002EB3FC /* Sources */,
				F15A0EA01985DEE7002EB3FC /* Frameworks */,
				F15A0EA11985DEE7002EB3FC /* Resources */,
			);
			buildRules = (
			);
			dependencies = (
			);
			name = EverNote;
			productName = EverNote;
			productReference = F15A0EA31985DEE8002EB3FC /* EverNote.app */;
			productType = "com.apple.product-type.application";
		};
		F15A0EBD1985DEE8002EB3FC /* EverNoteTests */ = {
			isa = PBXNativeTarget;
			buildConfigurationList = F15A0ED21985DEE8002EB3FC /* Build configuration list for PBXNativeTarget "EverNoteTests" */;
			buildPhases = (
				F15A0EBA1985DEE8002EB3FC /* Sources */,
				F15A0EBB1985DEE8002EB3FC /* Frameworks */,
				F15A0EBC1985DEE8002EB3FC /* Resources */,
			);
			buildRules = (
			);
			dependencies = (
				F15A0EC41985DEE8002EB3FC /* PBXTargetDependency */,
			);
			name = EverNoteTests;
			productName = EverNoteTests;
			productReference = F15A0EBE1985DEE8002EB3FC /* EverNoteTests.xctest */;
			productType = "com.apple.product-type.bundle.unit-test";
		};
/* End PBXNativeTarget section */

/* Begin PBXProject section */
		F15A0E9B1985DEE7002EB3FC /* Project object */ = {
			isa = PBXProject;
			attributes = {
				LastUpgradeCheck = 0500;
				ORGANIZATIONNAME = "Yesid Leon";
				TargetAttributes = {
					F15A0EBD1985DEE8002EB3FC = {
						TestTargetID = F15A0EA21985DEE7002EB3FC;
					};
				};
			};
			buildConfigurationList = F15A0E9E1985DEE7002EB3FC /* Build configuration list for PBXProject "EverNote" */;
			compatibilityVersion = "Xcode 3.2";
			developmentRegion = English;
			hasScannedForEncodings = 0;
			knownRegions = (
				en,
			);
			mainGroup = F15A0E9A1985DEE7002EB3FC;
			productRefGroup = F15A0EA41985DEE8002EB3FC /* Products */;
			projectDirPath = "";
			projectRoot = "";
			targets = (
				F15A0EA21985DEE7002EB3FC /* EverNote */,
				F15A0EBD1985DEE8002EB3FC /* EverNoteTests */,
			);
		};
/* End PBXProject section */

/* Begin PBXResourcesBuildPhase section */
		F15A0EA11985DEE7002EB3FC /* Resources */ = {
			isa = PBXResourcesBuildPhase;
			buildActionMask = 2147483647;
			files = (
				F15A0EB11985DEE8002EB3FC /* InfoPlist.strings in Resources */,
				F15A0EB91985DEE8002EB3FC /* Images.xcassets in Resources */,
			);
			runOnlyForDeploymentPostprocessing = 0;
		};
		F15A0EBC1985DEE8002EB3FC /* Resources */ = {
			isa = PBXResourcesBuildPhase;
			buildActionMask = 2147483647;
			files = (
				F15A0ECA1985DEE8002EB3FC /* InfoPlist.strings in Resources */,
			);
			runOnlyForDeploymentPostprocessing = 0;
		};
/* End PBXResourcesBuildPhase section */

/* Begin PBXSourcesBuildPhase section */
		F15A0E9F1985DEE7002EB3FC /* Sources */ = {
			isa = PBXSourcesBuildPhase;
			buildActionMask = 2147483647;
			files = (
				F15A0EB71985DEE8002EB3FC /* AppDelegate.m in Sources */,
				F15A0EB31985DEE8002EB3FC /* main.m in Sources */,
			);
			runOnlyForDeploymentPostprocessing = 0;
		};
		F15A0EBA1985DEE8002EB3FC /* Sources */ = {
			isa = PBXSourcesBuildPhase;
			buildActionMask = 2147483647;
			files = (
				F15A0ECC1985DEE8002EB3FC /* EverNoteTests.m in Sources */,
			);
			runOnlyForDeploymentPostprocessing = 0;
		};
/* End PBXSourcesBuildPhase section */

/* Begin PBXTargetDependency section */
		F15A0EC41985DEE8002EB3FC /* PBXTargetDependency */ = {
			isa = PBXTargetDependency;
			target = F15A0EA21985DEE7002EB3FC /* EverNote */;
			targetProxy = F15A0EC31985DEE8002EB3FC /* PBXContainerItemProxy */;
		};
/* End PBXTargetDependency section */

/* Begin PBXVariantGroup section */
		F15A0EAF1985DEE8002EB3FC /* InfoPlist.strings */ = {
			isa = PBXVariantGroup;
			children = (
				F15A0EB01985DEE8002EB3FC /* en */,
			);
			name = InfoPlist.strings;
			sourceTree = "<group>";
		};
		F15A0EC81985DEE8002EB3FC /* InfoPlist.strings */ = {
			isa = PBXVariantGroup;
			children = (
				F15A0EC91985DEE8002EB3FC /* en */,
			);
			name = InfoPlist.strings;
			sourceTree = "<group>";
		};
/* End PBXVariantGroup section */

/* Begin XCBuildConfiguration section */
		F15A0ECD1985DEE8002EB3FC /* Debug */ = {
			isa = XCBuildConfiguration;
			buildSettings = {
				ALWAYS_SEARCH_USER_PATHS = NO;
				ARCHS = "$(ARCHS_STANDARD_INCLUDING_64_BIT)";
				CLANG_CXX_LANGUAGE_STANDARD = "gnu++0x";
				CLANG_CXX_LIBRARY = "libc++";
				CLANG_ENABLE_MODULES = YES;
				CLANG_ENABLE_OBJC_ARC = YES;
				CLANG_WARN_BOOL_CONVERSION = YES;
				CLANG_WARN_CONSTANT_CONVERSION = YES;
				CLANG_WARN_DIRECT_OBJC_ISA_USAGE = YES_ERROR;
				CLANG_WARN_EMPTY_BODY = YES;
				CLANG_WARN_ENUM_CONVERSION = YES;
				CLANG_WARN_INT_CONVERSION = YES;
				CLANG_WARN_OBJC_ROOT_CLASS = YES_ERROR;
				CLANG_WARN__DUPLICATE_METHOD_MATCH = YES;
				"CODE_SIGN_IDENTITY[sdk=iphoneos*]" = "iPhone Developer";
				COPY_PHASE_STRIP = NO;
				GCC_C_LANGUAGE_STANDARD = gnu99;
				GCC_DYNAMIC_NO_PIC = NO;
				GCC_OPTIMIZATION_LEVEL = 0;
				GCC_PREPROCESSOR_DEFINITIONS = (
					"DEBUG=1",
					"$(inherited)",
				);
				GCC_SYMBOLS_PRIVATE_EXTERN = NO;
				GCC_WARN_64_TO_32_BIT_CONVERSION = YES;
				GCC_WARN_ABOUT_RETURN_TYPE = YES_ERROR;
				GCC_WARN_UNDECLARED_SELECTOR = YES;
				GCC_WARN_UNINITIALIZED_AUTOS = YES;
				GCC_WARN_UNUSED_FUNCTION = YES;
				GCC_WARN_UNUSED_VARIABLE = YES;
				IPHONEOS_DEPLOYMENT_TARGET = 7.0;
				ONLY_ACTIVE_ARCH = YES;
				SDKROOT = iphoneos;
			};
			name = Debug;
		};
		F15A0ECE1985DEE8002EB3FC /* Release */ = {
			isa = XCBuildConfiguration;
			buildSettings = {
				ALWAYS_SEARCH_USER_PATHS = NO;
				ARCHS = "$(ARCHS_STANDARD_INCLUDING_64_BIT)";
				CLANG_CXX_LANGUAGE_STANDARD = "gnu++0x";
				CLANG_CXX_LIBRARY = "libc++";
				CLANG_ENABLE_MODULES = YES;
				CLANG_ENABLE_OBJC_ARC = YES;
				CLANG_WARN_BOOL_CONVERSION = YES;
				CLANG_WARN_CONSTANT_CONVERSION = YES;
				CLANG_WARN_DIRECT_OBJC_ISA_USAGE = YES_ERROR;
				CLANG_WARN_EMPTY_BODY = YES;
				CLANG_WARN_ENUM_CONVERSION = YES;
				CLANG_WARN_INT_CONVERSION = YES;
				CLANG_WARN_OBJC_ROOT_CLASS = YES_ERROR;
				CLANG_WARN__DUPLICATE_METHOD_MATCH = YES;
				"CODE_SIGN_IDENTITY[sdk=iphoneos*]" = "iPhone Developer";
				COPY_PHASE_STRIP = YES;
				ENABLE_NS_ASSERTIONS = NO;
				GCC_C_LANGUAGE_STANDARD = gnu99;
				GCC_WARN_64_TO_32_BIT_CONVERSION = YES;
				GCC_WARN_ABOUT_RETURN_TYPE = YES_ERROR;
				GCC_WARN_UNDECLARED_SELECTOR = YES;
				GCC_WARN_UNINITIALIZED_AUTOS = YES;
				GCC_WARN_UNUSED_FUNCTION = YES;
				GCC_WARN_UNUSED_VARIABLE = YES;
				IPHONEOS_DEPLOYMENT_TARGET = 7.0;
				SDKROOT = iphoneos;
				VALIDATE_PRODUCT = YES;
			};
			name = Release;
		};
		F15A0ED01985DEE8002EB3FC /* Debug */ = {
			isa = XCBuildConfiguration;
			buildSettings = {
				ASSETCATALOG_COMPILER_APPICON_NAME = AppIcon;
				ASSETCATALOG_COMPILER_LAUNCHIMAGE_NAME = LaunchImage;
				GCC_PRECOMPILE_PREFIX_HEADER = YES;
				GCC_PREFIX_HEADER = "EverNote/EverNote-Prefix.pch";
				INFOPLIST_FILE = "EverNote/EverNote-Info.plist";
				PRODUCT_NAME = "$(TARGET_NAME)";
				WRAPPER_EXTENSION = app;
			};
			name = Debug;
		};
		F15A0ED11985DEE8002EB3FC /* Release */ = {
			isa = XCBuildConfiguration;
			buildSettings = {
				ASSETCATALOG_COMPILER_APPICON_NAME = AppIcon;
				ASSETCATALOG_COMPILER_LAUNCHIMAGE_NAME = LaunchImage;
				GCC_PRECOMPILE_PREFIX_HEADER = YES;
				GCC_PREFIX_HEADER = "EverNote/EverNote-Prefix.pch";
				INFOPLIST_FILE = "EverNote/EverNote-Info.plist";
				PRODUCT_NAME = "$(TARGET_NAME)";
				WRAPPER_EXTENSION = app;
			};
			name = Release;
		};
		F15A0ED31985DEE8002EB3FC /* Debug */ = {
			isa = XCBuildConfiguration;
			buildSettings = {
				ARCHS = "$(ARCHS_STANDARD_INCLUDING_64_BIT)";
				BUNDLE_LOADER = "$(BUILT_PRODUCTS_DIR)/EverNote.app/EverNote";
				FRAMEWORK_SEARCH_PATHS = (
					"$(SDKROOT)/Developer/Library/Frameworks",
					"$(inherited)",
					"$(DEVELOPER_FRAMEWORKS_DIR)",
				);
				GCC_PRECOMPILE_PREFIX_HEADER = YES;
				GCC_PREFIX_HEADER = "EverNote/EverNote-Prefix.pch";
				GCC_PREPROCESSOR_DEFINITIONS = (
					"DEBUG=1",
					"$(inherited)",
				);
				INFOPLIST_FILE = "EverNoteTests/EverNoteTests-Info.plist";
				PRODUCT_NAME = "$(TARGET_NAME)";
				TEST_HOST = "$(BUNDLE_LOADER)";
				WRAPPER_EXTENSION = xctest;
			};
			name = Debug;
		};
		F15A0ED41985DEE8002EB3FC /* Release */ = {
			isa = XCBuildConfiguration;
			buildSettings = {
				ARCHS = "$(ARCHS_STANDARD_INCLUDING_64_BIT)";
				BUNDLE_LOADER = "$(BUILT_PRODUCTS_DIR)/EverNote.app/EverNote";
				FRAMEWORK_SEARCH_PATHS = (
					"$(SDKROOT)/Developer/Library/Frameworks",
					"$(inherited)",
					"$(DEVELOPER_FRAMEWORKS_DIR)",
				);
				GCC_PRECOMPILE_PREFIX_HEADER = YES;
				GCC_PREFIX_HEADER = "EverNote/EverNote-Prefix.pch";
				INFOPLIST_FILE = "EverNoteTests/EverNoteTests-Info.plist";
				PRODUCT_NAME = "$(TARGET_NAME)";
				TEST_HOST = "$(BUNDLE_LOADER)";
				WRAPPER_EXTENSION = xctest;
			};
			name = Release;
		};
/* End XCBuildConfiguration section */

/* Begin XCConfigurationList section */
		F15A0E9E1985DEE7002EB3FC /* Build configuration list for PBXProject "EverNote" */ = {
			isa = XCConfigurationList;
			buildConfigurations = (
				F15A0ECD1985DEE8002EB3FC /* Debug */,
				F15A0ECE1985DEE8002EB3FC /* Release */,
			);
			defaultConfigurationIsVisible = 0;
			defaultConfigurationName = Release;
		};
		F15A0ECF1985DEE8002EB3FC /* Build configuration list for PBXNativeTarget "EverNote" */ = {
			isa = XCConfigurationList;
			buildConfigurations = (
				F15A0ED01985DEE8002EB3FC /* Debug */,
				F15A0ED11985DEE8002EB3FC /* Release */,
			);
			defaultConfigurationIsVisible = 0;
		};
		F15A0ED21985DEE8002EB3FC /* Build configuration list for PBXNativeTarget "EverNoteTests" */ = {
			isa = XCConfigurationList;
			buildConfigurations = (
				F15A0ED31985DEE8002EB3FC /* Debug */,
				F15A0ED41985DEE8002EB3FC /* Release */,
			);
			defaultConfigurationIsVisible = 0;
		};
/* End XCConfigurationList section */
	};
	rootObject = F15A0E9B1985DEE7002EB3FC /* Project object */;
}
